<?xml version="1.0" encoding="utf-8"?>
<Project ToolsVersion="4.0" xmlns="http://schemas.microsoft.com/developer/msbuild/2003">
  <ItemGroup>
    <Filter Include="Source Files">
      <UniqueIdentifier>{5bdc9c2f-0017-4643-b29d-fd8610741752}</UniqueIdentifier>
    </Filter>
    <Filter Include="Source Files\Common">
      <UniqueIdentifier>{8cc192ea-239d-48f1-94e9-3c9240db0b23}</UniqueIdentifier>
    </Filter>
    <Filter Include="Dependencies">
      <UniqueIdentifier>{e11d6dbe-6fc6-4fcc-80d1-8e31d2350c20}</UniqueIdentifier>
    </Filter>
    <Filter Include="Dependencies\SDL_FontCache">
      <UniqueIdentifier>{0ee5c641-f10c-4ba9-984b-fc6e9e9083ff}</UniqueIdentifier>
    </Filter>
    <Filter Include="Dependencies\SDL_gfx">
      <UniqueIdentifier>{ac4b8d7a-69a5-4539-8a1f-188d2b6e730e}</UniqueIdentifier>
    </Filter>
    <Filter Include="Resources">
      <UniqueIdentifier>{6c8b6373-5ab7-4c1b-8d0e-fc0d3e1f8672}</UniqueIdentifier>
    </Filter>
    <Filter Include="Resources\Fonts">
      <UniqueIdentifier>{dc0fbc13-1ad1-4b7e-9744-30848737b074}</UniqueIdentifier>
    </Filter>
    <Filter Include="Resources\Images">
      <UniqueIdentifier>{3dd2b189-a2a2-441d-a09d-6095d5dbb8e1}</UniqueIdentifier>
    </Filter>
    <Filter Include="Source Files\Common\Entity">
      <UniqueIdentifier>{97817c78-4cd8-4109-bea1-c36821272c76}</UniqueIdentifier>
    </Filter>
    <Filter Include="Source Files\Common\Utils">
      <UniqueIdentifier>{acd9dbc1-577c-49fa-8ca0-cf418f2f0023}</UniqueIdentifier>
    </Filter>
    <Filter Include="Source Files\Common\Text">
      <UniqueIdentifier>{a0ea47e3-24e4-44f6-a3c5-beb35c6290a9}</UniqueIdentifier>
    </Filter>
    <Filter Include="Source Files\Common\Graphics">
      <UniqueIdentifier>{6b445c0e-a3f7-4683-bb5c-c083345deb01}</UniqueIdentifier>
    </Filter>
    <Filter Include="Source Files\Common\State">
      <UniqueIdentifier>{4880c849-029d-4534-8872-b782195d1f04}</UniqueIdentifier>
    </Filter>
    <Filter Include="Source Files\Common\Utils\Juice">
      <UniqueIdentifier>{cc5b592a-9bad-4eb2-bf17-f22bbcdaa42c}</UniqueIdentifier>
    </Filter>
    <Filter Include="Source Files\Common\System">
      <UniqueIdentifier>{9d721bc9-9d68-4093-b07b-023a5b936a53}</UniqueIdentifier>
    </Filter>
    <Filter Include="Source Files\States">
      <UniqueIdentifier>{70a8fabf-d24c-4a82-a637-7aa1eaaf9408}</UniqueIdentifier>
    </Filter>
    <Filter Include="Source Files\Utils">
      <UniqueIdentifier>{8e5f5385-905d-48a2-8aa7-7762dac004d1}</UniqueIdentifier>
    </Filter>
    <Filter Include="Source Files\Entities">
      <UniqueIdentifier>{2cab9a7c-190b-4d25-b689-e8cb950fe0db}</UniqueIdentifier>
    </Filter>
    <Filter Include="Source Files\Entities\Movement">
      <UniqueIdentifier>{51609cf7-27ae-4e6c-a65a-f680114a9dfc}</UniqueIdentifier>
    </Filter>
    <Filter Include="Source Files\Utils\Movement">
      <UniqueIdentifier>{9f5a1ab4-e19c-45cc-a0dc-aeffaa7d1abe}</UniqueIdentifier>
    </Filter>
    <Filter Include="Source Files\Utils\Navigation">
      <UniqueIdentifier>{ebd6d0fb-a0be-435f-913e-6bac50e0b53a}</UniqueIdentifier>
    </Filter>
    <Filter Include="Source Files\Utils\Navigation\Basic">
      <UniqueIdentifier>{5a9dae64-dcc2-435c-bc41-a583c6dc16ff}</UniqueIdentifier>
    </Filter>
    <Filter Include="Source Files\States\Basic">
      <UniqueIdentifier>{940de392-99ac-4de2-9329-e4c6233c3174}</UniqueIdentifier>
    </Filter>
    <Filter Include="Source Files\Utils\Navigation\Advanced">
      <UniqueIdentifier>{23b5ef82-e5f9-4613-b785-aca1dcf8a6e0}</UniqueIdentifier>
    </Filter>
    <Filter Include="Source Files\States\PathWorld">
      <UniqueIdentifier>{49207971-ef24-4782-a426-864aefbca51b}</UniqueIdentifier>
    </Filter>
  </ItemGroup>
  <ItemGroup>
    <ClCompile Include="..\..\dependencies\SDL_gfx\SDL2_gfxPrimitives.c">
      <Filter>Dependencies\SDL_gfx</Filter>
    </ClCompile>
    <ClCompile Include="..\..\dependencies\SDL_gfx\SDL2_rotozoom.c">
      <Filter>Dependencies\SDL_gfx</Filter>
    </ClCompile>
    <ClCompile Include="..\..\dependencies\SDL_FontCache\SDL_FontCache.c">
      <Filter>Dependencies\SDL_FontCache</Filter>
    </ClCompile>
    <ClCompile Include="..\..\source\Common\Entity.cpp">
      <Filter>Source Files\Common\Entity</Filter>
    </ClCompile>
    <ClCompile Include="..\..\source\Common\StateManager.cpp">
      <Filter>Source Files\Common\State</Filter>
    </ClCompile>
    <ClCompile Include="..\..\source\Main.cpp">
      <Filter>Source Files</Filter>
    </ClCompile>
    <ClCompile Include="..\..\source\Common\App.cpp">
      <Filter>Source Files\Common\System</Filter>
    </ClCompile>
    <ClCompile Include="..\..\source\Common\Texture.cpp">
      <Filter>Source Files\Common\Graphics</Filter>
    </ClCompile>
    <ClCompile Include="..\..\source\Common\BitmapFont.cpp">
      <Filter>Source Files\Common\Text</Filter>
    </ClCompile>
    <ClCompile Include="..\..\source\Common\RotatedText.cpp">
      <Filter>Source Files\Common\Text</Filter>
    </ClCompile>
    <ClCompile Include="..\..\source\Common\Timer.cpp">
      <Filter>Source Files\Common\Utils</Filter>
    </ClCompile>
    <ClCompile Include="..\..\source\Common\Trail.cpp">
      <Filter>Source Files\Common\Utils\Juice</Filter>
    </ClCompile>
    <ClCompile Include="..\..\source\Common\Display.cpp">
      <Filter>Source Files\Common\System</Filter>
    </ClCompile>
    <ClCompile Include="..\..\source\Common\InputSingleton.cpp">
      <Filter>Source Files\Common\System</Filter>
    </ClCompile>
    <ClCompile Include="..\..\source\Player.cpp">
      <Filter>Source Files\Entities</Filter>
    </ClCompile>
    <ClCompile Include="..\..\source\Constants.h">
      <Filter>Source Files</Filter>
    </ClCompile>
    <ClCompile Include="..\..\source\Common\BaseState.cpp">
      <Filter>Source Files\Common\State</Filter>
    </ClCompile>
    <ClCompile Include="..\..\source\Obstacle.cpp">
      <Filter>Source Files\Utils\Movement</Filter>
    </ClCompile>
    <ClCompile Include="..\..\source\Path.cpp">
      <Filter>Source Files\Utils\Movement</Filter>
    </ClCompile>
    <ClCompile Include="..\..\source\SimplePath.cpp">
      <Filter>Source Files\Utils\Movement</Filter>
    </ClCompile>
    <ClCompile Include="..\..\source\Boid.cpp">
      <Filter>Source Files\Entities\Movement</Filter>
    </ClCompile>
    <ClCompile Include="..\..\source\Common\StaticTexture.cpp">
      <Filter>Source Files\Common\Graphics</Filter>
    </ClCompile>
    <ClCompile Include="..\..\source\FlowObstacle.cpp">
      <Filter>Source Files\Utils\Movement</Filter>
    </ClCompile>
    <ClCompile Include="..\..\source\SteeringGroup.cpp">
      <Filter>Source Files\Utils\Movement</Filter>
    </ClCompile>
    <ClCompile Include="..\..\source\FlowField.cpp">
      <Filter>Source Files\Utils\Movement</Filter>
    </ClCompile>
    <ClCompile Include="..\..\source\GridUtils.cpp">
      <Filter>Source Files\Utils\Navigation\Basic</Filter>
    </ClCompile>
    <ClCompile Include="..\..\source\MenuState.cpp">
      <Filter>Source Files\States\Basic</Filter>
    </ClCompile>
    <ClCompile Include="..\..\source\GraphUtils.cpp">
      <Filter>Source Files\Utils\Navigation\Advanced</Filter>
    </ClCompile>
    <ClCompile Include="..\..\source\VisibilityUtils.cpp">
      <Filter>Source Files\Utils\Navigation\Advanced</Filter>
    </ClCompile>
    <ClCompile Include="..\..\source\NavMeshUtils.cpp">
      <Filter>Source Files\Utils\Navigation\Advanced</Filter>
    </ClCompile>
    <ClCompile Include="..\..\source\PathWorldState.cpp">
      <Filter>Source Files\States\PathWorld</Filter>
    </ClCompile>
  </ItemGroup>
  <ItemGroup>
    <ClInclude Include="..\..\dependencies\SDL_gfx\SDL2_gfxPrimitives.h">
      <Filter>Dependencies\SDL_gfx</Filter>
    </ClInclude>
    <ClInclude Include="..\..\dependencies\SDL_gfx\SDL2_gfxPrimitives_font.h">
      <Filter>Dependencies\SDL_gfx</Filter>
    </ClInclude>
    <ClInclude Include="..\..\dependencies\SDL_gfx\SDL2_rotozoom.h">
      <Filter>Dependencies\SDL_gfx</Filter>
    </ClInclude>
    <ClInclude Include="..\..\dependencies\SDL_FontCache\SDL_FontCache.h">
      <Filter>Dependencies\SDL_FontCache</Filter>
    </ClInclude>
    <ClInclude Include="..\..\source\Common\StateManager.h">
      <Filter>Source Files\Common\State</Filter>
    </ClInclude>
    <ClInclude Include="..\..\source\Common\Utilities.h">
      <Filter>Source Files\Common\Utils</Filter>
    </ClInclude>
    <ClInclude Include="..\..\source\Common\Vector2D.h">
      <Filter>Source Files\Common\Utils</Filter>
    </ClInclude>
    <ClInclude Include="..\..\source\Common\App.h">
      <Filter>Source Files\Common\System</Filter>
    </ClInclude>
    <ClInclude Include="..\..\source\Common\Texture.h">
      <Filter>Source Files\Common\Graphics</Filter>
    </ClInclude>
    <ClInclude Include="..\..\source\Common\BitmapFont.h">
      <Filter>Source Files\Common\Text</Filter>
    </ClInclude>
    <ClInclude Include="..\..\source\Common\RotatedText.h">
      <Filter>Source Files\Common\Text</Filter>
    </ClInclude>
    <ClInclude Include="..\..\source\Common\Timer.h">
      <Filter>Source Files\Common\Utils</Filter>
    </ClInclude>
    <ClInclude Include="..\..\source\Common\Trail.h">
      <Filter>Source Files\Common\Utils\Juice</Filter>
    </ClInclude>
    <ClInclude Include="..\..\source\Common\Display.h">
      <Filter>Source Files\Common\System</Filter>
    </ClInclude>
    <ClInclude Include="..\..\source\Common\InputSingleton.h">
      <Filter>Source Files\Common\System</Filter>
    </ClInclude>
    <ClInclude Include="..\..\source\Common\Colors.h">
      <Filter>Source Files\Common\Utils</Filter>
    </ClInclude>
    <ClInclude Include="..\..\source\Common\Entity.h">
      <Filter>Source Files\Common\Entity</Filter>
    </ClInclude>
    <ClInclude Include="..\..\source\Common\BaseState.h">
      <Filter>Source Files\Common\State</Filter>
    </ClInclude>
    <ClInclude Include="..\..\source\Player.h">
      <Filter>Source Files\Entities</Filter>
    </ClInclude>
    <ClInclude Include="..\..\source\Common\GameFramework.h">
      <Filter>Source Files\Common</Filter>
    </ClInclude>
    <ClInclude Include="..\..\source\AdvancedSteeringUtils.h">
      <Filter>Source Files\Utils\Movement</Filter>
    </ClInclude>
    <ClInclude Include="..\..\source\CombiningSteeringUtils.h">
      <Filter>Source Files\Utils\Movement</Filter>
    </ClInclude>
    <ClInclude Include="..\..\source\FlockingUtils.h">
      <Filter>Source Files\Utils\Movement</Filter>
    </ClInclude>
    <ClInclude Include="..\..\source\FlowFieldUtils.h">
      <Filter>Source Files\Utils\Movement</Filter>
    </ClInclude>
    <ClInclude Include="..\..\source\Obstacle.h">
      <Filter>Source Files\Utils\Movement</Filter>
    </ClInclude>
    <ClInclude Include="..\..\source\Path.h">
      <Filter>Source Files\Utils\Movement</Filter>
    </ClInclude>
    <ClInclude Include="..\..\source\SimplePath.h">
      <Filter>Source Files\Utils\Movement</Filter>
    </ClInclude>
    <ClInclude Include="..\..\source\SteeringUtils.h">
      <Filter>Source Files\Utils\Movement</Filter>
    </ClInclude>
    <ClInclude Include="..\..\source\Boid.h">
      <Filter>Source Files\Entities\Movement</Filter>
    </ClInclude>
    <ClInclude Include="..\..\source\Common\StaticTexture.h">
      <Filter>Source Files\Common\Graphics</Filter>
    </ClInclude>
    <ClInclude Include="..\..\source\FlowObstacle.h">
      <Filter>Source Files\Utils\Movement</Filter>
    </ClInclude>
    <ClInclude Include="..\..\source\SteeringGroup.h">
      <Filter>Source Files\Utils\Movement</Filter>
    </ClInclude>
    <ClInclude Include="..\..\source\FlowField.h">
      <Filter>Source Files\Utils\Movement</Filter>
    </ClInclude>
    <ClInclude Include="..\..\source\GridUtils.h">
      <Filter>Source Files\Utils\Navigation\Basic</Filter>
    </ClInclude>
    <ClInclude Include="..\..\source\MenuState.h">
      <Filter>Source Files\States\Basic</Filter>
    </ClInclude>
    <ClInclude Include="..\..\source\AdvancedPathfindingUtils.h">
      <Filter>Source Files\Utils\Navigation\Advanced</Filter>
    </ClInclude>
    <ClInclude Include="..\..\source\GraphUtils.h">
      <Filter>Source Files\Utils\Navigation\Advanced</Filter>
    </ClInclude>
    <ClInclude Include="..\..\source\VisibilityUtils.h">
      <Filter>Source Files\Utils\Navigation\Advanced</Filter>
    </ClInclude>
    <ClInclude Include="..\..\source\NavMeshUtils.h">
      <Filter>Source Files\Utils\Navigation\Advanced</Filter>
    </ClInclude>
    <ClInclude Include="..\..\source\PathWorldState.h">
      <Filter>Source Files\States\PathWorld</Filter>
    </ClInclude>
    <ClInclude Include="..\..\source\SteppedPathfindingUtils.h">
      <Filter>Source Files\Utils\Navigation\Basic</Filter>
    </ClInclude>
    <ClInclude Include="..\..\source\PathfindingUtils.h">
      <Filter>Source Files\Utils\Navigation\Basic</Filter>
    </ClInclude>
  </ItemGroup>
  <ItemGroup>
    <Font Include="..\..\resources\Fonts\nokiafc22.ttf">
      <Filter>Resources\Fonts</Filter>
    </Font>
  </ItemGroup>
  <ItemGroup>
    <Image Include="..\..\resources\Images\Boid.png">
      <Filter>Resources\Images</Filter>
    </Image>
    <Image Include="..\..\resources\Images\Player.png">
      <Filter>Resources\Images</Filter>
    </Image>
  </ItemGroup>
  <ItemGroup>
    <Text Include="..\..\source\Instructions.txt">
      <Filter>Source Files</Filter>
    </Text>
  </ItemGroup>
  <ItemGroup>
    <None Include="Activitat3.licenseheader" />
  </ItemGroup>
</Project>